
Microsoft Visual Studio Solution File, Format Version 12.00
# Visual Studio Version 16
VisualStudioVersion = 16.0.30523.141
MinimumVisualStudioVersion = 10.0.40219.1
Project("{FAE04EC0-301F-11D3-BF4B-00C04F79EFBC}") = "WinFormConvertYoutubeMp3", "WinFormConvertYoutubeMp3\WinFormConvertYoutubeMp3.csproj", "{058FEEB1-C1F3-4055-826A-CD44DFCA82BC}"
EndProject
Project("{FAE04EC0-301F-11D3-BF4B-00C04F79EFBC}") = "WinFormConvertYoutubeMp3.service", "WinFormConvertYoutubeMp3\src\WinFormConvertYoutubeMp3.service\WinFormConvertYoutubeMp3.service.csproj", "{A317C5B0-D965-4EF3-82B0-4FD42CECA892}"
EndProject
Global
	GlobalSection(SolutionConfigurationPlatforms) = preSolution
		Debug|Any CPU = Debug|Any CPU
		Release|Any CPU = Release|Any CPU
	EndGlobalSection
	GlobalSection(ProjectConfigurationPlatforms) = postSolution
		{058FEEB1-C1F3-4055-826A-CD44DFCA82BC}.Debug|Any CPU.ActiveCfg = Debug|Any CPU
		{058FEEB1-C1F3-4055-826A-CD44DFCA82BC}.Debug|Any CPU.Build.0 = Debug|Any CPU
		{058FEEB1-C1F3-4055-826A-CD44DFCA82BC}.Release|Any CPU.ActiveCfg = Release|Any CPU
		{058FEEB1-C1F3-4055-826A-CD44DFCA82BC}.Release|Any CPU.Build.0 = Release|Any CPU
		{A317C5B0-D965-4EF3-82B0-4FD42CECA892}.Debug|Any CPU.ActiveCfg = Debug|Any CPU
		{A317C5B0-D965-4EF3-82B0-4FD42CECA892}.Debug|Any CPU.Build.0 = Debug|Any CPU
		{A317C5B0-D965-4EF3-82B0-4FD42CECA892}.Release|Any CPU.ActiveCfg = Release|Any CPU
		{A317C5B0-D965-4EF3-82B0-4FD42CECA892}.Release|Any CPU.Build.0 = Release|Any CPU
	EndGlobalSection
	GlobalSection(SolutionProperties) = preSolution
		HideSolutionNode = FALSE
	EndGlobalSection
	GlobalSection(ExtensibilityGlobals) = postSolution
		SolutionGuid = {187BD2EA-54C2-446C-9B2C-90494978DE18}
	EndGlobalSection
EndGlobal
